// !$*UTF8*$!
{
	archiveVersion = 1;
	classes = {
	};
	objectVersion = 46;
	objects = {

/* Begin PBXBuildFile section */
		2B98B35D33A575F4A1C94AAC /* libPods-LDNetWork.a in Frameworks */ = {isa = PBXBuildFile; fileRef = 16BF30BB4BEF85F37F12DC04 /* libPods-LDNetWork.a */; };
		9B92DE061EEA7F2D00DF709B /* main.m in Sources */ = {isa = PBXBuildFile; fileRef = 9B92DE051EEA7F2D00DF709B /* main.m */; };
		9B92DE091EEA7F2D00DF709B /* AppDelegate.m in Sources */ = {isa = PBXBuildFile; fileRef = 9B92DE081EEA7F2D00DF709B /* AppDelegate.m */; };
		9B92DE0C1EEA7F2D00DF709B /* ViewController.m in Sources */ = {isa = PBXBuildFile; fileRef = 9B92DE0B1EEA7F2D00DF709B /* ViewController.m */; };
		9B92DE0F1EEA7F2D00DF709B /* Main.storyboard in Resources */ = {isa = PBXBuildFile; fileRef = 9B92DE0D1EEA7F2D00DF709B /* Main.storyboard */; };
		9B92DE111EEA7F2D00DF709B /* Assets.xcassets in Resources */ = {isa = PBXBuildFile; fileRef = 9B92DE101EEA7F2D00DF709B /* Assets.xcassets */; };
		9B92DE141EEA7F2D00DF709B /* LaunchScreen.storyboard in Resources */ = {isa = PBXBuildFile; fileRef = 9B92DE121EEA7F2D00DF709B /* LaunchScreen.storyboard */; };
		9B92DE1E1EEA801200DF709B /* NetWorkingManager.m in Sources */ = {isa = PBXBuildFile; fileRef = 9B92DE1D1EEA801200DF709B /* NetWorkingManager.m */; };
		9B92DE211EEA909F00DF709B /* BaseRequestManager.m in Sources */ = {isa = PBXBuildFile; fileRef = 9B92DE201EEA909F00DF709B /* BaseRequestManager.m */; };
/* End PBXBuildFile section */

/* Begin PBXFileReference section */
		16BF30BB4BEF85F37F12DC04 /* libPods-LDNetWork.a */ = {isa = PBXFileReference; explicitFileType = archive.ar; includeInIndex = 0; path = "libPods-LDNetWork.a"; sourceTree = BUILT_PRODUCTS_DIR; };
		1B922001064A9C71AFCDDEDE /* Pods-LDNetWork.release.xcconfig */ = {isa = PBXFileReference; includeInIndex = 1; lastKnownFileType = text.xcconfig; name = "Pods-LDNetWork.release.xcconfig"; path = "Pods/Target Support Files/Pods-LDNetWork/Pods-LDNetWork.release.xcconfig"; sourceTree = "<group>"; };
		9B92DE011EEA7F2D00DF709B /* LDNetWork.app */ = {isa = PBXFileReference; explicitFileType = wrapper.application; includeInIndex = 0; path = LDNetWork.app; sourceTree = BUILT_PRODUCTS_DIR; };
		9B92DE051EEA7F2D00DF709B /* main.m */ = {isa = PBXFileReference; lastKnownFileType = sourcecode.c.objc; path = main.m; sourceTree = "<group>"; };
		9B92DE071EEA7F2D00DF709B /* AppDelegate.h */ = {isa = PBXFileReference; lastKnownFileType = sourcecode.c.h; path = AppDelegate.h; sourceTree = "<group>"; };
		9B92DE081EEA7F2D00DF709B /* AppDelegate.m */ = {isa = PBXFileReference; lastKnownFileType = sourcecode.c.objc; path = AppDelegate.m; sourceTree = "<group>"; };
		9B92DE0A1EEA7F2D00DF709B /* ViewController.h */ = {isa = PBXFileReference; lastKnownFileType = sourcecode.c.h; path = ViewController.h; sourceTree = "<group>"; };
		9B92DE0B1EEA7F2D00DF709B /* ViewController.m */ = {isa = PBXFileReference; lastKnownFileType = sourcecode.c.objc; path = ViewController.m; sourceTree = "<group>"; };
		9B92DE0E1EEA7F2D00DF709B /* Base */ = {isa = PBXFileReference; lastKnownFileType = file.storyboard; name = Base; path = Base.lproj/Main.storyboard; sourceTree = "<group>"; };
		9B92DE101EEA7F2D00DF709B /* Assets.xcassets */ = {isa = PBXFileReference; lastKnownFileType = folder.assetcatalog; path = Assets.xcassets; sourceTree = "<group>"; };
		9B92DE131EEA7F2D00DF709B /* Base */ = {isa = PBXFileReference; lastKnownFileType = file.storyboard; name = Base; path = Base.lproj/LaunchScreen.storyboard; sourceTree = "<group>"; };
		9B92DE151EEA7F2D00DF709B /* Info.plist */ = {isa = PBXFileReference; lastKnownFileType = text.plist.xml; path = Info.plist; sourceTree = "<group>"; };
		9B92DE1C1EEA801200DF709B /* NetWorkingManager.h */ = {isa = PBXFileReference; fileEncoding = 4; lastKnownFileType = sourcecode.c.h; path = NetWorkingManager.h; sourceTree = "<group>"; };
		9B92DE1D1EEA801200DF709B /* NetWorkingManager.m */ = {isa = PBXFileReference; fileEncoding = 4; lastKnownFileType = sourcecode.c.objc; path = NetWorkingManager.m; sourceTree = "<group>"; };
		9B92DE1F1EEA909F00DF709B /* BaseRequestManager.h */ = {isa = PBXFileReference; fileEncoding = 4; lastKnownFileType = sourcecode.c.h; path = BaseRequestManager.h; sourceTree = "<group>"; };
		9B92DE201EEA909F00DF709B /* BaseRequestManager.m */ = {isa = PBXFileReference; fileEncoding = 4; lastKnownFileType = sourcecode.c.objc; path = BaseRequestManager.m; sourceTree = "<group>"; };
		D8F722723503C2A0ACAAF68D /* Pods-LDNetWork.debug.xcconfig */ = {isa = PBXFileReference; includeInIndex = 1; lastKnownFileType = text.xcconfig; name = "Pods-LDNetWork.debug.xcconfig"; path = "Pods/Target Support Files/Pods-LDNetWork/Pods-LDNetWork.debug.xcconfig"; sourceTree = "<group>"; };
/* End PBXFileReference section */

/* Begin PBXFrameworksBuildPhase section */
		9B92DDFE1EEA7F2D00DF709B /* Frameworks */ = {
			isa = PBXFrameworksBuildPhase;
			buildActionMask = 2147483647;
			files = (
				2B98B35D33A575F4A1C94AAC /* libPods-LDNetWork.a in Frameworks */,
			);
			runOnlyForDeploymentPostprocessing = 0;
		};
/* End PBXFrameworksBuildPhase section */

/* Begin PBXGroup section */
		6AC9804F71E2EEA6C91D6038 /* Pods */ = {
			isa = PBXGroup;
			children = (
				D8F722723503C2A0ACAAF68D /* Pods-LDNetWork.debug.xcconfig */,
				1B922001064A9C71AFCDDEDE /* Pods-LDNetWork.release.xcconfig */,
			);
			name = Pods;
			sourceTree = "<group>";
		};
		8BC9610523DEF6237DB69007 /* Frameworks */ = {
			isa = PBXGroup;
			children = (
				16BF30BB4BEF85F37F12DC04 /* libPods-LDNetWork.a */,
			);
			name = Frameworks;
			sourceTree = "<group>";
		};
		9B92DDF81EEA7F2D00DF709B = {
			isa = PBXGroup;
			children = (
				9B92DE031EEA7F2D00DF709B /* LDNetWork */,
				9B92DE021EEA7F2D00DF709B /* Products */,
				6AC9804F71E2EEA6C91D6038 /* Pods */,
				8BC9610523DEF6237DB69007 /* Frameworks */,
			);
			sourceTree = "<group>";
		};
		9B92DE021EEA7F2D00DF709B /* Products */ = {
			isa = PBXGroup;
			children = (
				9B92DE011EEA7F2D00DF709B /* LDNetWork.app */,
			);
			name = Products;
			sourceTree = "<group>";
		};
		9B92DE031EEA7F2D00DF709B /* LDNetWork */ = {
			isa = PBXGroup;
			children = (
				9B92DE071EEA7F2D00DF709B /* AppDelegate.h */,
				9B92DE081EEA7F2D00DF709B /* AppDelegate.m */,
				9B92DE0A1EEA7F2D00DF709B /* ViewController.h */,
				9B92DE0B1EEA7F2D00DF709B /* ViewController.m */,
				9B92DE1B1EEA7FEA00DF709B /* RequestManager */,
				9B92DE0D1EEA7F2D00DF709B /* Main.storyboard */,
				9B92DE101EEA7F2D00DF709B /* Assets.xcassets */,
				9B92DE121EEA7F2D00DF709B /* LaunchScreen.storyboard */,
				9B92DE151EEA7F2D00DF709B /* Info.plist */,
				9B92DE041EEA7F2D00DF709B /* Supporting Files */,
			);
			path = LDNetWork;
			sourceTree = "<group>";
		};
		9B92DE041EEA7F2D00DF709B /* Supporting Files */ = {
			isa = PBXGroup;
			children = (
				9B92DE051EEA7F2D00DF709B /* main.m */,
			);
			name = "Supporting Files";
			sourceTree = "<group>";
		};
		9B92DE1B1EEA7FEA00DF709B /* RequestManager */ = {
			isa = PBXGroup;
			children = (
				9B92DE1C1EEA801200DF709B /* NetWorkingManager.h */,
				9B92DE1D1EEA801200DF709B /* NetWorkingManager.m */,
				9B92DE1F1EEA909F00DF709B /* BaseRequestManager.h */,
				9B92DE201EEA909F00DF709B /* BaseRequestManager.m */,
			);
			path = RequestManager;
			sourceTree = "<group>";
		};
/* End PBXGroup section */

/* Begin PBXNativeTarget section */
		9B92DE001EEA7F2D00DF709B /* LDNetWork */ = {
			isa = PBXNativeTarget;
			buildConfigurationList = 9B92DE181EEA7F2D00DF709B /* Build configuration list for PBXNativeTarget "LDNetWork" */;
			buildPhases = (
				1CE33ACD0176C6A7334B9BAE /* [CP] Check Pods Manifest.lock */,
				9B92DDFD1EEA7F2D00DF709B /* Sources */,
				9B92DDFE1EEA7F2D00DF709B /* Frameworks */,
				9B92DDFF1EEA7F2D00DF709B /* Resources */,
				4DF5C486C95226D6CA9A84B4 /* [CP] Embed Pods Frameworks */,
				BCA8F034330A0795624E3AC2 /* [CP] Copy Pods Resources */,
			);
			buildRules = (
			);
			dependencies = (
			);
			name = LDNetWork;
			productName = LDNetWork;
			productReference = 9B92DE011EEA7F2D00DF709B /* LDNetWork.app */;
			productType = "com.apple.product-type.application";
		};
/* End PBXNativeTarget section */

/* Begin PBXProject section */
		9B92DDF91EEA7F2D00DF709B /* Project object */ = {
			isa = PBXProject;
			attributes = {
				LastUpgradeCheck = 0820;
				ORGANIZATIONNAME = liude;
				TargetAttributes = {
					9B92DE001EEA7F2D00DF709B = {
						CreatedOnToolsVersion = 8.2.1;
						DevelopmentTeam = 7EEU2TF735;
						ProvisioningStyle = Automatic;
					};
				};
			};
			buildConfigurationList = 9B92DDFC1EEA7F2D00DF709B /* Build configuration list for PBXProject "LDNetWork" */;
			compatibilityVersion = "Xcode 3.2";
			developmentRegion = English;
			hasScannedForEncodings = 0;
			knownRegions = (
				en,
				Base,
			);
			mainGroup = 9B92DDF81EEA7F2D00DF709B;
			productRefGroup = 9B92DE021EEA7F2D00DF709B /* Products */;
			projectDirPath = "";
			projectRoot = "";
			targets = (
				9B92DE001EEA7F2D00DF709B /* LDNetWork */,
			);
		};
/* End PBXProject section */

/* Begin PBXResourcesBuildPhase section */
		9B92DDFF1EEA7F2D00DF709B /* Resources */ = {
			isa = PBXResourcesBuildPhase;
			buildActionMask = 2147483647;
			files = (
				9B92DE141EEA7F2D00DF709B /* LaunchScreen.storyboard in Resources */,
				9B92DE111EEA7F2D00DF709B /* Assets.xcassets in Resources */,
				9B92DE0F1EEA7F2D00DF709B /* Main.storyboard in Resources */,
			);
			runOnlyForDeploymentPostprocessing = 0;
		};
/* End PBXResourcesBuildPhase section */

/* Begin PBXShellScriptBuildPhase section */
		1CE33ACD0176C6A7334B9BAE /* [CP] Check Pods Manifest.lock */ = {
			isa = PBXShellScriptBuildPhase;
			buildActionMask = 2147483647;
			files = (
			);
			inputPaths = (
			);
			name = "[CP] Check Pods Manifest.lock";
			outputPaths = (
			);
			runOnlyForDeploymentPostprocessing = 0;
			shellPath = /bin/sh;
			shellScript = "diff \"${PODS_PODFILE_DIR_PATH}/Podfile.lock\" \"${PODS_ROOT}/Manifest.lock\" > /dev/null\nif [ $? != 0 ] ; then\n    # print error to STDERR\n    echo \"error: The sandbox is not in sync with the Podfile.lock. Run 'pod install' or update your CocoaPods installation.\" >&2\n    exit 1\nfi\n";
			showEnvVarsInLog = 0;
		};
		4DF5C486C95226D6CA9A84B4 /* [CP] Embed Pods Frameworks */ = {
			isa = PBXShellScriptBuildPhase;
			buildActionMask = 2147483647;
			files = (
			);
			inputPaths = (
			);
			name = "[CP] Embed Pods Frameworks";
			outputPaths = (
			);
			runOnlyForDeploymentPostprocessing = 0;
			shellPath = /bin/sh;
			shellScript = "\"${SRCROOT}/Pods/Target Support Files/Pods-LDNetWork/Pods-LDNetWork-frameworks.sh\"\n";
			showEnvVarsInLog = 0;
		};
		BCA8F034330A0795624E3AC2 /* [CP] Copy Pods Resources */ = {
			isa = PBXShellScriptBuildPhase;
			buildActionMask = 2147483647;
			files = (
			);
			inputPaths = (
			);
			name = "[CP] Copy Pods Resources";
			outputPaths = (
			);
			runOnlyForDeploymentPostprocessing = 0;
			shellPath = /bin/sh;
			shellScript = "\"${SRCROOT}/Pods/Target Support Files/Pods-LDNetWork/Pods-LDNetWork-resources.sh\"\n";
			showEnvVarsInLog = 0;
		};
/* End PBXShellScriptBuildPhase section */

/* Begin PBXSourcesBuildPhase section */
		9B92DDFD1EEA7F2D00DF709B /* Sources */ = {
			isa = PBXSourcesBuildPhase;
			buildActionMask = 2147483647;
			files = (
				9B92DE0C1EEA7F2D00DF709B /* ViewController.m in Sources */,
				9B92DE211EEA909F00DF709B /* BaseRequestManager.m in Sources */,
				9B92DE1E1EEA801200DF709B /* NetWorkingManager.m in Sources */,
				9B92DE091EEA7F2D00DF709B /* AppDelegate.m in Sources */,
				9B92DE061EEA7F2D00DF709B /* main.m in Sources */,
			);
			runOnlyForDeploymentPostprocessing = 0;
		};
/* End PBXSourcesBuildPhase section */

/* Begin PBXVariantGroup section */
		9B92DE0D1EEA7F2D00DF709B /* Main.storyboard */ = {
			isa = PBXVariantGroup;
			children = (
				9B92DE0E1EEA7F2D00DF709B /* Base */,
			);
			name = Main.storyboard;
			sourceTree = "<group>";
		};
		9B92DE121EEA7F2D00DF709B /* LaunchScreen.storyboard */ = {
			isa = PBXVariantGroup;
			children = (
				9B92DE131EEA7F2D00DF709B /* Base */,
			);
			name = LaunchScreen.storyboard;
			sourceTree = "<group>";
		};
/* End PBXVariantGroup section */

/* Begin XCBuildConfiguration section */
		9B92DE161EEA7F2D00DF709B /* Debug */ = {
			isa = XCBuildConfiguration;
			buildSettings = {
				ALWAYS_SEARCH_USER_PATHS = NO;
				CLANG_ANALYZER_NONNULL = YES;
				CLANG_CXX_LANGUAGE_STANDARD = "gnu++0x";
				CLANG_CXX_LIBRARY = "libc++";
				CLANG_ENABLE_MODULES = YES;
				CLANG_ENABLE_OBJC_ARC = YES;
				CLANG_WARN_BOOL_CONVERSION = YES;
				CLANG_WARN_CONSTANT_CONVERSION = YES;
				CLANG_WARN_DIRECT_OBJC_ISA_USAGE = YES_ERROR;
				CLANG_WARN_DOCUMENTATION_COMMENTS = YES;
				CLANG_WARN_EMPTY_BODY = YES;
				CLANG_WARN_ENUM_CONVERSION = YES;
				CLANG_WARN_INFINITE_RECURSION = YES;
				CLANG_WARN_INT_CONVERSION = YES;
				CLANG_WARN_OBJC_ROOT_CLASS = YES_ERROR;
				CLANG_WARN_SUSPICIOUS_MOVE = YES;
				CLANG_WARN_UNREACHABLE_CODE = YES;
				CLANG_WARN__DUPLICATE_METHOD_MATCH = YES;
				"CODE_SIGN_IDENTITY[sdk=iphoneos*]" = "iPhone Developer";
				COPY_PHASE_STRIP = NO;
				DEBUG_INFORMATION_FORMAT = dwarf;
				ENABLE_STRICT_OBJC_MSGSEND = YES;
				ENABLE_TESTABILITY = YES;
				GCC_C_LANGUAGE_STANDARD = gnu99;
				GCC_DYNAMIC_NO_PIC = NO;
				GCC_NO_COMMON_BLOCKS = YES;
				GCC_OPTIMIZATION_LEVEL = 0;
				GCC_PREPROCESSOR_DEFINITIONS = (
					"DEBUG=1",
					"$(inherited)",
				);
				GCC_WARN_64_TO_32_BIT_CONVERSION = YES;
				GCC_WARN_ABOUT_RETURN_TYPE = YES_ERROR;
				GCC_WARN_UNDECLARED_SELECTOR = YES;
				GCC_WARN_UNINITIALIZED_AUTOS = YES_AGGRESSIVE;
				GCC_WARN_UNUSED_FUNCTION = YES;
				GCC_WARN_UNUSED_VARIABLE = YES;
				IPHONEOS_DEPLOYMENT_TARGET = 10.2;
				MTL_ENABLE_DEBUG_INFO = YES;
				ONLY_ACTIVE_ARCH = YES;
				SDKROOT = iphoneos;
			};
			name = Debug;
		};
		9B92DE171EEA7F2D00DF709B /* Release */ = {
			isa = XCBuildConfiguration;
			buildSettings = {
				ALWAYS_SEARCH_USER_PATHS = NO;
				CLANG_ANALYZER_NONNULL = YES;
				CLANG_CXX_LANGUAGE_STANDARD = "gnu++0x";
				CLANG_CXX_LIBRARY = "libc++";
				CLANG_ENABLE_MODULES = YES;
				CLANG_ENABLE_OBJC_ARC = YES;
				CLANG_WARN_BOOL_CONVERSION = YES;
				CLANG_WARN_CONSTANT_CONVERSION = YES;
				CLANG_WARN_DIRECT_OBJC_ISA_USAGE = YES_ERROR;
				CLANG_WARN_DOCUMENTATION_COMMENTS = YES;
				CLANG_WARN_EMPTY_BODY = YES;
				CLANG_WARN_ENUM_CONVERSION = YES;
				CLANG_WARN_INFINITE_RECURSION = YES;
				CLANG_WARN_INT_CONVERSION = YES;
				CLANG_WARN_OBJC_ROOT_CLASS = YES_ERROR;
				CLANG_WARN_SUSPICIOUS_MOVE = YES;
				CLANG_WARN_UNREACHABLE_CODE = YES;
				CLANG_WARN__DUPLICATE_METHOD_MATCH = YES;
				"CODE_SIGN_IDENTITY[sdk=iphoneos*]" = "iPhone Developer";
				COPY_PHASE_STRIP = NO;
				DEBUG_INFORMATION_FORMAT = "dwarf-with-dsym";
				ENABLE_NS_ASSERTIONS = NO;
				ENABLE_STRICT_OBJC_MSGSEND = YES;
				GCC_C_LANGUAGE_STANDARD = gnu99;
				GCC_NO_COMMON_BLOCKS = YES;
				GCC_WARN_64_TO_32_BIT_CONVERSION = YES;
				GCC_WARN_ABOUT_RETURN_TYPE = YES_ERROR;
				GCC_WARN_UNDECLARED_SELECTOR = YES;
				GCC_WARN_UNINITIALIZED_AUTOS = YES_AGGRESSIVE;
				GCC_WARN_UNUSED_FUNCTION = YES;
				GCC_WARN_UNUSED_VARIABLE = YES;
				IPHONEOS_DEPLOYMENT_TARGET = 10.2;
				MTL_ENABLE_DEBUG_INFO = NO;
				SDKROOT = iphoneos;
				VALIDATE_PRODUCT = YES;
			};
			name = Release;
		};
		9B92DE191EEA7F2D00DF709B /* Debug */ = {
			isa = XCBuildConfiguration;
			baseConfigurationReference = D8F722723503C2A0ACAAF68D /* Pods-LDNetWork.debug.xcconfig */;
			buildSettings = {
				ASSETCATALOG_COMPILER_APPICON_NAME = AppIcon;
				DEVELOPMENT_TEAM = 7EEU2TF735;
				INFOPLIST_FILE = LDNetWork/Info.plist;
				LD_RUNPATH_SEARCH_PATHS = "$(inherited) @executable_path/Frameworks";
				PRODUCT_BUNDLE_IDENTIFIER = net.bedo.ApplePayCeshi.LDNetWork;
				PRODUCT_NAME = "$(TARGET_NAME)";
			};
			name = Debug;
		};
		9B92DE1A1EEA7F2D00DF709B /* Release */ = {
			isa = XCBuildConfiguration;
			baseConfigurationReference = 1B922001064A9C71AFCDDEDE /* Pods-LDNetWork.release.xcconfig */;
			buildSettings = {
				ASSETCATALOG_COMPILER_APPICON_NAME = AppIcon;
				DEVELOPMENT_TEAM = 7EEU2TF735;
				INFOPLIST_FILE = LDNetWork/Info.plist;
				LD_RUNPATH_SEARCH_PATHS = "$(inherited) @executable_path/Frameworks";
				PRODUCT_BUNDLE_IDENTIFIER = net.bedo.ApplePayCeshi.LDNetWork;
				PRODUCT_NAME = "$(TARGET_NAME)";
			};
			name = Release;
		};
/* End XCBuildConfiguration section */

/* Begin XCConfigurationList section */
		9B92DDFC1EEA7F2D00DF709B /* Build configuration list for PBXProject "LDNetWork" */ = {
			isa = XCConfigurationList;
			buildConfigurations = (
				9B92DE161EEA7F2D00DF709B /* Debug */,
				9B92DE171EEA7F2D00DF709B /* Release */,
			);
			defaultConfigurationIsVisible = 0;
			defaultConfigurationName = Release;
		};
		9B92DE181EEA7F2D00DF709B /* Build configuration list for PBXNativeTarget "LDNetWork" */ = {
			isa = XCConfigurationList;
			buildConfigurations = (
				9B92DE191EEA7F2D00DF709B /* Debug */,
				9B92DE1A1EEA7F2D00DF709B /* Release */,
			);
			defaultConfigurationIsVisible = 0;
			defaultConfigurationName = Release;
		};
/* End XCConfigurationList section */
	};
	rootObject = 9B92DDF91EEA7F2D00DF709B /* Project object */;
}
